// !$*UTF8*$!
{
	archiveVersion = 1;
	classes = {
	};
	objectVersion = 50;
	objects = {

/* Begin PBXBuildFile section */
		4BA51A3826A6030F00E5E580 /* AppDelegate.swift in Sources */ = {isa = PBXBuildFile; fileRef = 4BA51A3726A6030F00E5E580 /* AppDelegate.swift */; };
		4BA51A3A26A6030F00E5E580 /* SceneDelegate.swift in Sources */ = {isa = PBXBuildFile; fileRef = 4BA51A3926A6030F00E5E580 /* SceneDelegate.swift */; };
		4BA51A3C26A6030F00E5E580 /* ViewController.swift in Sources */ = {isa = PBXBuildFile; fileRef = 4BA51A3B26A6030F00E5E580 /* ViewController.swift */; };
		4BA51A3F26A6030F00E5E580 /* Main.storyboard in Resources */ = {isa = PBXBuildFile; fileRef = 4BA51A3D26A6030F00E5E580 /* Main.storyboard */; };
		4BA51A4226A6030F00E5E580 /* ToDoListApp.xcdatamodeld in Sources */ = {isa = PBXBuildFile; fileRef = 4BA51A4026A6030F00E5E580 /* ToDoListApp.xcdatamodeld */; };
		4BA51A4426A6031100E5E580 /* Assets.xcassets in Resources */ = {isa = PBXBuildFile; fileRef = 4BA51A4326A6031100E5E580 /* Assets.xcassets */; };
		4BA51A4726A6031100E5E580 /* LaunchScreen.storyboard in Resources */ = {isa = PBXBuildFile; fileRef = 4BA51A4526A6031100E5E580 /* LaunchScreen.storyboard */; };
		4BA51A5226A6031100E5E580 /* ToDoListAppTests.swift in Sources */ = {isa = PBXBuildFile; fileRef = 4BA51A5126A6031100E5E580 /* ToDoListAppTests.swift */; };
		4BA51A5D26A6031100E5E580 /* ToDoListAppUITests.swift in Sources */ = {isa = PBXBuildFile; fileRef = 4BA51A5C26A6031100E5E580 /* ToDoListAppUITests.swift */; };
/* End PBXBuildFile section */

/* Begin PBXContainerItemProxy section */
		4BA51A4E26A6031100E5E580 /* PBXContainerItemProxy */ = {
			isa = PBXContainerItemProxy;
			containerPortal = 4BA51A2C26A6030F00E5E580 /* Project object */;
			proxyType = 1;
			remoteGlobalIDString = 4BA51A3326A6030F00E5E580;
			remoteInfo = ToDoListApp;
		};
		4BA51A5926A6031100E5E580 /* PBXContainerItemProxy */ = {
			isa = PBXContainerItemProxy;
			containerPortal = 4BA51A2C26A6030F00E5E580 /* Project object */;
			proxyType = 1;
			remoteGlobalIDString = 4BA51A3326A6030F00E5E580;
			remoteInfo = ToDoListApp;
		};
/* End PBXContainerItemProxy section */

/* Begin PBXFileReference section */
		4BA51A3426A6030F00E5E580 /* ToDoListApp.app */ = {isa = PBXFileReference; explicitFileType = wrapper.application; includeInIndex = 0; path = ToDoListApp.app; sourceTree = BUILT_PRODUCTS_DIR; };
		4BA51A3726A6030F00E5E580 /* AppDelegate.swift */ = {isa = PBXFileReference; lastKnownFileType = sourcecode.swift; path = AppDelegate.swift; sourceTree = "<group>"; };
		4BA51A3926A6030F00E5E580 /* SceneDelegate.swift */ = {isa = PBXFileReference; lastKnownFileType = sourcecode.swift; path = SceneDelegate.swift; sourceTree = "<group>"; };
		4BA51A3B26A6030F00E5E580 /* ViewController.swift */ = {isa = PBXFileReference; lastKnownFileType = sourcecode.swift; path = ViewController.swift; sourceTree = "<group>"; };
		4BA51A3E26A6030F00E5E580 /* Base */ = {isa = PBXFileReference; lastKnownFileType = file.storyboard; name = Base; path = Base.lproj/Main.storyboard; sourceTree = "<group>"; };
		4BA51A4126A6030F00E5E580 /* ToDoListApp.xcdatamodel */ = {isa = PBXFileReference; lastKnownFileType = wrapper.xcdatamodel; path = ToDoListApp.xcdatamodel; sourceTree = "<group>"; };
		4BA51A4326A6031100E5E580 /* Assets.xcassets */ = {isa = PBXFileReference; lastKnownFileType = folder.assetcatalog; path = Assets.xcassets; sourceTree = "<group>"; };
		4BA51A4626A6031100E5E580 /* Base */ = {isa = PBXFileReference; lastKnownFileType = file.storyboard; name = Base; path = Base.lproj/LaunchScreen.storyboard; sourceTree = "<group>"; };
		4BA51A4826A6031100E5E580 /* Info.plist */ = {isa = PBXFileReference; lastKnownFileType = text.plist.xml; path = Info.plist; sourceTree = "<group>"; };
		4BA51A4D26A6031100E5E580 /* ToDoListAppTests.xctest */ = {isa = PBXFileReference; explicitFileType = wrapper.cfbundle; includeInIndex = 0; path = ToDoListAppTests.xctest; sourceTree = BUILT_PRODUCTS_DIR; };
		4BA51A5126A6031100E5E580 /* ToDoListAppTests.swift */ = {isa = PBXFileReference; lastKnownFileType = sourcecode.swift; path = ToDoListAppTests.swift; sourceTree = "<group>"; };
		4BA51A5326A6031100E5E580 /* Info.plist */ = {isa = PBXFileReference; lastKnownFileType = text.plist.xml; path = Info.plist; sourceTree = "<group>"; };
		4BA51A5826A6031100E5E580 /* ToDoListAppUITests.xctest */ = {isa = PBXFileReference; explicitFileType = wrapper.cfbundle; includeInIndex = 0; path = ToDoListAppUITests.xctest; sourceTree = BUILT_PRODUCTS_DIR; };
		4BA51A5C26A6031100E5E580 /* ToDoListAppUITests.swift */ = {isa = PBXFileReference; lastKnownFileType = sourcecode.swift; path = ToDoListAppUITests.swift; sourceTree = "<group>"; };
		4BA51A5E26A6031100E5E580 /* Info.plist */ = {isa = PBXFileReference; lastKnownFileType = text.plist.xml; path = Info.plist; sourceTree = "<group>"; };
/* End PBXFileReference section */

/* Begin PBXFrameworksBuildPhase section */
		4BA51A3126A6030F00E5E580 /* Frameworks */ = {
			isa = PBXFrameworksBuildPhase;
			buildActionMask = 2147483647;
			files = (
			);
			runOnlyForDeploymentPostprocessing = 0;
		};
		4BA51A4A26A6031100E5E580 /* Frameworks */ = {
			isa = PBXFrameworksBuildPhase;
			buildActionMask = 2147483647;
			files = (
			);
			runOnlyForDeploymentPostprocessing = 0;
		};
		4BA51A5526A6031100E5E580 /* Frameworks */ = {
			isa = PBXFrameworksBuildPhase;
			buildActionMask = 2147483647;
			files = (
			);
			runOnlyForDeploymentPostprocessing = 0;
		};
/* End PBXFrameworksBuildPhase section */

/* Begin PBXGroup section */
		4BA51A2B26A6030F00E5E580 = {
			isa = PBXGroup;
			children = (
				4BA51A3626A6030F00E5E580 /* ToDoListApp */,
				4BA51A5026A6031100E5E580 /* ToDoListAppTests */,
				4BA51A5B26A6031100E5E580 /* ToDoListAppUITests */,
				4BA51A3526A6030F00E5E580 /* Products */,
			);
			sourceTree = "<group>";
		};
		4BA51A3526A6030F00E5E580 /* Products */ = {
			isa = PBXGroup;
			children = (
				4BA51A3426A6030F00E5E580 /* ToDoListApp.app */,
				4BA51A4D26A6031100E5E580 /* ToDoListAppTests.xctest */,
				4BA51A5826A6031100E5E580 /* ToDoListAppUITests.xctest */,
			);
			name = Products;
			sourceTree = "<group>";
		};
		4BA51A3626A6030F00E5E580 /* ToDoListApp */ = {
			isa = PBXGroup;
			children = (
				4BA51A3726A6030F00E5E580 /* AppDelegate.swift */,
				4BA51A3926A6030F00E5E580 /* SceneDelegate.swift */,
				4BA51A3B26A6030F00E5E580 /* ViewController.swift */,
				4BA51A3D26A6030F00E5E580 /* Main.storyboard */,
				4BA51A4326A6031100E5E580 /* Assets.xcassets */,
				4BA51A4526A6031100E5E580 /* LaunchScreen.storyboard */,
				4BA51A4826A6031100E5E580 /* Info.plist */,
				4BA51A4026A6030F00E5E580 /* ToDoListApp.xcdatamodeld */,
			);
			path = ToDoListApp;
			sourceTree = "<group>";
		};
		4BA51A5026A6031100E5E580 /* ToDoListAppTests */ = {
			isa = PBXGroup;
			children = (
				4BA51A5126A6031100E5E580 /* ToDoListAppTests.swift */,
				4BA51A5326A6031100E5E580 /* Info.plist */,
			);
			path = ToDoListAppTests;
			sourceTree = "<group>";
		};
		4BA51A5B26A6031100E5E580 /* ToDoListAppUITests */ = {
			isa = PBXGroup;
			children = (
				4BA51A5C26A6031100E5E580 /* ToDoListAppUITests.swift */,
				4BA51A5E26A6031100E5E580 /* Info.plist */,
			);
			path = ToDoListAppUITests;
			sourceTree = "<group>";
		};
/* End PBXGroup section */

/* Begin PBXNativeTarget section */
		4BA51A3326A6030F00E5E580 /* ToDoListApp */ = {
			isa = PBXNativeTarget;
			buildConfigurationList = 4BA51A6126A6031100E5E580 /* Build configuration list for PBXNativeTarget "ToDoListApp" */;
			buildPhases = (
				4BA51A3026A6030F00E5E580 /* Sources */,
				4BA51A3126A6030F00E5E580 /* Frameworks */,
				4BA51A3226A6030F00E5E580 /* Resources */,
			);
			buildRules = (
			);
			dependencies = (
			);
			name = ToDoListApp;
			productName = ToDoListApp;
			productReference = 4BA51A3426A6030F00E5E580 /* ToDoListApp.app */;
			productType = "com.apple.product-type.application";
		};
		4BA51A4C26A6031100E5E580 /* ToDoListAppTests */ = {
			isa = PBXNativeTarget;
			buildConfigurationList = 4BA51A6426A6031100E5E580 /* Build configuration list for PBXNativeTarget "ToDoListAppTests" */;
			buildPhases = (
				4BA51A4926A6031100E5E580 /* Sources */,
				4BA51A4A26A6031100E5E580 /* Frameworks */,
				4BA51A4B26A6031100E5E580 /* Resources */,
			);
			buildRules = (
			);
			dependencies = (
				4BA51A4F26A6031100E5E580 /* PBXTargetDependency */,
			);
			name = ToDoListAppTests;
			productName = ToDoListAppTests;
			productReference = 4BA51A4D26A6031100E5E580 /* ToDoListAppTests.xctest */;
			productType = "com.apple.product-type.bundle.unit-test";
		};
		4BA51A5726A6031100E5E580 /* ToDoListAppUITests */ = {
			isa = PBXNativeTarget;
			buildConfigurationList = 4BA51A6726A6031100E5E580 /* Build configuration list for PBXNativeTarget "ToDoListAppUITests" */;
			buildPhases = (
				4BA51A5426A6031100E5E580 /* Sources */,
				4BA51A5526A6031100E5E580 /* Frameworks */,
				4BA51A5626A6031100E5E580 /* Resources */,
			);
			buildRules = (
			);
			dependencies = (
				4BA51A5A26A6031100E5E580 /* PBXTargetDependency */,
			);
			name = ToDoListAppUITests;
			productName = ToDoListAppUITests;
			productReference = 4BA51A5826A6031100E5E580 /* ToDoListAppUITests.xctest */;
			productType = "com.apple.product-type.bundle.ui-testing";
		};
/* End PBXNativeTarget section */

/* Begin PBXProject section */
		4BA51A2C26A6030F00E5E580 /* Project object */ = {
			isa = PBXProject;
			attributes = {
				LastSwiftUpdateCheck = 1130;
				LastUpgradeCheck = 1130;
				ORGANIZATIONNAME = "kode with klossy";
				TargetAttributes = {
					4BA51A3326A6030F00E5E580 = {
						CreatedOnToolsVersion = 11.3.1;
					};
					4BA51A4C26A6031100E5E580 = {
						CreatedOnToolsVersion = 11.3.1;
						TestTargetID = 4BA51A3326A6030F00E5E580;
					};
					4BA51A5726A6031100E5E580 = {
						CreatedOnToolsVersion = 11.3.1;
						TestTargetID = 4BA51A3326A6030F00E5E580;
					};
				};
			};
			buildConfigurationList = 4BA51A2F26A6030F00E5E580 /* Build configuration list for PBXProject "ToDoListApp" */;
			compatibilityVersion = "Xcode 9.3";
			developmentRegion = en;
			hasScannedForEncodings = 0;
			knownRegions = (
				en,
				Base,
			);
			mainGroup = 4BA51A2B26A6030F00E5E580;
			productRefGroup = 4BA51A3526A6030F00E5E580 /* Products */;
			projectDirPath = "";
			projectRoot = "";
			targets = (
				4BA51A3326A6030F00E5E580 /* ToDoListApp */,
				4BA51A4C26A6031100E5E580 /* ToDoListAppTests */,
				4BA51A5726A6031100E5E580 /* ToDoListAppUITests */,
			);
		};
/* End PBXProject section */

/* Begin PBXResourcesBuildPhase section */
		4BA51A3226A6030F00E5E580 /* Resources */ = {
			isa = PBXResourcesBuildPhase;
			buildActionMask = 2147483647;
			files = (
				4BA51A4726A6031100E5E580 /* LaunchScreen.storyboard in Resources */,
				4BA51A4426A6031100E5E580 /* Assets.xcassets in Resources */,
				4BA51A3F26A6030F00E5E580 /* Main.storyboard in Resources */,
			);
			runOnlyForDeploymentPostprocessing = 0;
		};
		4BA51A4B26A6031100E5E580 /* Resources */ = {
			isa = PBXResourcesBuildPhase;
			buildActionMask = 2147483647;
			files = (
			);
			runOnlyForDeploymentPostprocessing = 0;
		};
		4BA51A5626A6031100E5E580 /* Resources */ = {
			isa = PBXResourcesBuildPhase;
			buildActionMask = 2147483647;
			files = (
			);
			runOnlyForDeploymentPostprocessing = 0;
		};
/* End PBXResourcesBuildPhase section */

/* Begin PBXSourcesBuildPhase section */
		4BA51A3026A6030F00E5E580 /* Sources */ = {
			isa = PBXSourcesBuildPhase;
			buildActionMask = 2147483647;
			files = (
				4BA51A3C26A6030F00E5E580 /* ViewController.swift in Sources */,
				4BA51A3826A6030F00E5E580 /* AppDelegate.swift in Sources */,
				4BA51A3A26A6030F00E5E580 /* SceneDelegate.swift in Sources */,
				4BA51A4226A6030F00E5E580 /* ToDoListApp.xcdatamodeld in Sources */,
			);
			runOnlyForDeploymentPostprocessing = 0;
		};
		4BA51A4926A6031100E5E580 /* Sources */ = {
			isa = PBXSourcesBuildPhase;
			buildActionMask = 2147483647;
			files = (
				4BA51A5226A6031100E5E580 /* ToDoListAppTests.swift in Sources */,
			);
			runOnlyForDeploymentPostprocessing = 0;
		};
		4BA51A5426A6031100E5E580 /* Sources */ = {
			isa = PBXSourcesBuildPhase;
			buildActionMask = 2147483647;
			files = (
				4BA51A5D26A6031100E5E580 /* ToDoListAppUITests.swift in Sources */,
			);
			runOnlyForDeploymentPostprocessing = 0;
		};
/* End PBXSourcesBuildPhase section */

/* Begin PBXTargetDependency section */
		4BA51A4F26A6031100E5E580 /* PBXTargetDependency */ = {
			isa = PBXTargetDependency;
			target = 4BA51A3326A6030F00E5E580 /* ToDoListApp */;
			targetProxy = 4BA51A4E26A6031100E5E580 /* PBXContainerItemProxy */;
		};
		4BA51A5A26A6031100E5E580 /* PBXTargetDependency */ = {
			isa = PBXTargetDependency;
			target = 4BA51A3326A6030F00E5E580 /* ToDoListApp */;
			targetProxy = 4BA51A5926A6031100E5E580 /* PBXContainerItemProxy */;
		};
/* End PBXTargetDependency section */

/* Begin PBXVariantGroup section */
		4BA51A3D26A6030F00E5E580 /* Main.storyboard */ = {
			isa = PBXVariantGroup;
			children = (
				4BA51A3E26A6030F00E5E580 /* Base */,
			);
			name = Main.storyboard;
			sourceTree = "<group>";
		};
		4BA51A4526A6031100E5E580 /* LaunchScreen.storyboard */ = {
			isa = PBXVariantGroup;
			children = (
				4BA51A4626A6031100E5E580 /* Base */,
			);
			name = LaunchScreen.storyboard;
			sourceTree = "<group>";
		};
/* End PBXVariantGroup section */

/* Begin XCBuildConfiguration section */
		4BA51A5F26A6031100E5E580 /* Debug */ = {
			isa = XCBuildConfiguration;
			buildSettings = {
				ALWAYS_SEARCH_USER_PATHS = NO;
				CLANG_ANALYZER_NONNULL = YES;
				CLANG_ANALYZER_NUMBER_OBJECT_CONVERSION = YES_AGGRESSIVE;
				CLANG_CXX_LANGUAGE_STANDARD = "gnu++14";
				CLANG_CXX_LIBRARY = "libc++";
				CLANG_ENABLE_MODULES = YES;
				CLANG_ENABLE_OBJC_ARC = YES;
				CLANG_ENABLE_OBJC_WEAK = YES;
				CLANG_WARN_BLOCK_CAPTURE_AUTORELEASING = YES;
				CLANG_WARN_BOOL_CONVERSION = YES;
				CLANG_WARN_COMMA = YES;
				CLANG_WARN_CONSTANT_CONVERSION = YES;
				CLANG_WARN_DEPRECATED_OBJC_IMPLEMENTATIONS = YES;
				CLANG_WARN_DIRECT_OBJC_ISA_USAGE = YES_ERROR;
				CLANG_WARN_DOCUMENTATION_COMMENTS = YES;
				CLANG_WARN_EMPTY_BODY = YES;
				CLANG_WARN_ENUM_CONVERSION = YES;
				CLANG_WARN_INFINITE_RECURSION = YES;
				CLANG_WARN_INT_CONVERSION = YES;
				CLANG_WARN_NON_LITERAL_NULL_CONVERSION = YES;
				CLANG_WARN_OBJC_IMPLICIT_RETAIN_SELF = YES;
				CLANG_WARN_OBJC_LITERAL_CONVERSION = YES;
				CLANG_WARN_OBJC_ROOT_CLASS = YES_ERROR;
				CLANG_WARN_RANGE_LOOP_ANALYSIS = YES;
				CLANG_WARN_STRICT_PROTOTYPES = YES;
				CLANG_WARN_SUSPICIOUS_MOVE = YES;
				CLANG_WARN_UNGUARDED_AVAILABILITY = YES_AGGRESSIVE;
				CLANG_WARN_UNREACHABLE_CODE = YES;
				CLANG_WARN__DUPLICATE_METHOD_MATCH = YES;
				COPY_PHASE_STRIP = NO;
				DEBUG_INFORMATION_FORMAT = dwarf;
				ENABLE_STRICT_OBJC_MSGSEND = YES;
				ENABLE_TESTABILITY = YES;
				GCC_C_LANGUAGE_STANDARD = gnu11;
				GCC_DYNAMIC_NO_PIC = NO;
				GCC_NO_COMMON_BLOCKS = YES;
				GCC_OPTIMIZATION_LEVEL = 0;
				GCC_PREPROCESSOR_DEFINITIONS = (
					"DEBUG=1",
					"$(inherited)",
				);
				GCC_WARN_64_TO_32_BIT_CONVERSION = YES;
				GCC_WARN_ABOUT_RETURN_TYPE = YES_ERROR;
				GCC_WARN_UNDECLARED_SELECTOR = YES;
				GCC_WARN_UNINITIALIZED_AUTOS = YES_AGGRESSIVE;
				GCC_WARN_UNUSED_FUNCTION = YES;
				GCC_WARN_UNUSED_VARIABLE = YES;
				IPHONEOS_DEPLOYMENT_TARGET = 13.2;
				MTL_ENABLE_DEBUG_INFO = INCLUDE_SOURCE;
				MTL_FAST_MATH = YES;
				ONLY_ACTIVE_ARCH = YES;
				SDKROOT = iphoneos;
				SWIFT_ACTIVE_COMPILATION_CONDITIONS = DEBUG;
				SWIFT_OPTIMIZATION_LEVEL = "-Onone";
			};
			name = Debug;
		};
		4BA51A6026A6031100E5E580 /* Release */ = {
			isa = XCBuildConfiguration;
			buildSettings = {
				ALWAYS_SEARCH_USER_PATHS = NO;
				CLANG_ANALYZER_NONNULL = YES;
				CLANG_ANALYZER_NUMBER_OBJECT_CONVERSION = YES_AGGRESSIVE;
				CLANG_CXX_LANGUAGE_STANDARD = "gnu++14";
				CLANG_CXX_LIBRARY = "libc++";
				CLANG_ENABLE_MODULES = YES;
				CLANG_ENABLE_OBJC_ARC = YES;
				CLANG_ENABLE_OBJC_WEAK = YES;
				CLANG_WARN_BLOCK_CAPTURE_AUTORELEASING = YES;
				CLANG_WARN_BOOL_CONVERSION = YES;
				CLANG_WARN_COMMA = YES;
				CLANG_WARN_CONSTANT_CONVERSION = YES;
				CLANG_WARN_DEPRECATED_OBJC_IMPLEMENTATIONS = YES;
				CLANG_WARN_DIRECT_OBJC_ISA_USAGE = YES_ERROR;
				CLANG_WARN_DOCUMENTATION_COMMENTS = YES;
				CLANG_WARN_EMPTY_BODY = YES;
				CLANG_WARN_ENUM_CONVERSION = YES;
				CLANG_WARN_INFINITE_RECURSION = YES;
				CLANG_WARN_INT_CONVERSION = YES;
				CLANG_WARN_NON_LITERAL_NULL_CONVERSION = YES;
				CLANG_WARN_OBJC_IMPLICIT_RETAIN_SELF = YES;
				CLANG_WARN_OBJC_LITERAL_CONVERSION = YES;
				CLANG_WARN_OBJC_ROOT_CLASS = YES_ERROR;
				CLANG_WARN_RANGE_LOOP_ANALYSIS = YES;
				CLANG_WARN_STRICT_PROTOTYPES = YES;
				CLANG_WARN_SUSPICIOUS_MOVE = YES;
				CLANG_WARN_UNGUARDED_AVAILABILITY = YES_AGGRESSIVE;
				CLANG_WARN_UNREACHABLE_CODE = YES;
				CLANG_WARN__DUPLICATE_METHOD_MATCH = YES;
				COPY_PHASE_STRIP = NO;
				DEBUG_INFORMATION_FORMAT = "dwarf-with-dsym";
				ENABLE_NS_ASSERTIONS = NO;
				ENABLE_STRICT_OBJC_MSGSEND = YES;
				GCC_C_LANGUAGE_STANDARD = gnu11;
				GCC_NO_COMMON_BLOCKS = YES;
				GCC_WARN_64_TO_32_BIT_CONVERSION = YES;
				GCC_WARN_ABOUT_RETURN_TYPE = YES_ERROR;
				GCC_WARN_UNDECLARED_SELECTOR = YES;
				GCC_WARN_UNINITIALIZED_AUTOS = YES_AGGRESSIVE;
				GCC_WARN_UNUSED_FUNCTION = YES;
				GCC_WARN_UNUSED_VARIABLE = YES;
				IPHONEOS_DEPLOYMENT_TARGET = 13.2;
				MTL_ENABLE_DEBUG_INFO = NO;
				MTL_FAST_MATH = YES;
				SDKROOT = iphoneos;
				SWIFT_COMPILATION_MODE = wholemodule;
				SWIFT_OPTIMIZATION_LEVEL = "-O";
				VALIDATE_PRODUCT = YES;
			};
			name = Release;
		};
		4BA51A6226A6031100E5E580 /* Debug */ = {
			isa = XCBuildConfiguration;
			buildSettings = {
				ASSETCATALOG_COMPILER_APPICON_NAME = AppIcon;
				CODE_SIGN_STYLE = Automatic;
				INFOPLIST_FILE = ToDoListApp/Info.plist;
				LD_RUNPATH_SEARCH_PATHS = (
					"$(inherited)",
					"@executable_path/Frameworks",
				);
				PRODUCT_BUNDLE_IDENTIFIER = "kwk-2021.ToDoListApp";
				PRODUCT_NAME = "$(TARGET_NAME)";
				SWIFT_VERSION = 5.0;
				TARGETED_DEVICE_FAMILY = "1,2";
			};
			name = Debug;
		};
		4BA51A6326A6031100E5E580 /* Release */ = {
			isa = XCBuildConfiguration;
			buildSettings = {
				ASSETCATALOG_COMPILER_APPICON_NAME = AppIcon;
				CODE_SIGN_STYLE = Automatic;
				INFOPLIST_FILE = ToDoListApp/Info.plist;
				LD_RUNPATH_SEARCH_PATHS = (
					"$(inherited)",
					"@executable_path/Frameworks",
				);
				PRODUCT_BUNDLE_IDENTIFIER = "kwk-2021.ToDoListApp";
				PRODUCT_NAME = "$(TARGET_NAME)";
				SWIFT_VERSION = 5.0;
				TARGETED_DEVICE_FAMILY = "1,2";
			};
			name = Release;
		};
		4BA51A6526A6031100E5E580 /* Debug */ = {
			isa = XCBuildConfiguration;
			buildSettings = {
				ALWAYS_EMBED_SWIFT_STANDARD_LIBRARIES = YES;
				BUNDLE_LOADER = "$(TEST_HOST)";
				CODE_SIGN_STYLE = Automatic;
				INFOPLIST_FILE = ToDoListAppTests/Info.plist;
				IPHONEOS_DEPLOYMENT_TARGET = 13.2;
				LD_RUNPATH_SEARCH_PATHS = (
					"$(inherited)",
					"@executable_path/Frameworks",
					"@loader_path/Frameworks",
				);
				PRODUCT_BUNDLE_IDENTIFIER = "kwk-2021.ToDoListAppTests";
				PRODUCT_NAME = "$(TARGET_NAME)";
				SWIFT_VERSION = 5.0;
				TARGETED_DEVICE_FAMILY = "1,2";
				TEST_HOST = "$(BUILT_PRODUCTS_DIR)/ToDoListApp.app/ToDoListApp";
			};
			name = Debug;
		};
		4BA51A6626A6031100E5E580 /* Release */ = {
			isa = XCBuildConfiguration;
			buildSettings = {
				ALWAYS_EMBED_SWIFT_STANDARD_LIBRARIES = YES;
				BUNDLE_LOADER = "$(TEST_HOST)";
				CODE_SIGN_STYLE = Automatic;
				INFOPLIST_FILE = ToDoListAppTests/Info.plist;
				IPHONEOS_DEPLOYMENT_TARGET = 13.2;
				LD_RUNPATH_SEARCH_PATHS = (
					"$(inherited)",
					"@executable_path/Frameworks",
					"@loader_path/Frameworks",
				);
				PRODUCT_BUNDLE_IDENTIFIER = "kwk-2021.ToDoListAppTests";
				PRODUCT_NAME = "$(TARGET_NAME)";
				SWIFT_VERSION = 5.0;
				TARGETED_DEVICE_FAMILY = "1,2";
				TEST_HOST = "$(BUILT_PRODUCTS_DIR)/ToDoListApp.app/ToDoListApp";
			};
			name = Release;
		};
		4BA51A6826A6031100E5E580 /* Debug */ = {
			isa = XCBuildConfiguration;
			buildSettings = {
				ALWAYS_EMBED_SWIFT_STANDARD_LIBRARIES = YES;
				CODE_SIGN_STYLE = Automatic;
				INFOPLIST_FILE = ToDoListAppUITests/Info.plist;
				LD_RUNPATH_SEARCH_PATHS = (
					"$(inherited)",
					"@executable_path/Frameworks",
					"@loader_path/Frameworks",
				);
				PRODUCT_BUNDLE_IDENTIFIER = "kwk-2021.ToDoListAppUITests";
				PRODUCT_NAME = "$(TARGET_NAME)";
				SWIFT_VERSION = 5.0;
				TARGETED_DEVICE_FAMILY = "1,2";
				TEST_TARGET_NAME = ToDoListApp;
			};
			name = Debug;
		};
		4BA51A6926A6031100E5E580 /* Release */ = {
			isa = XCBuildConfiguration;
			buildSettings = {
				ALWAYS_EMBED_SWIFT_STANDARD_LIBRARIES = YES;
				CODE_SIGN_STYLE = Automatic;
				INFOPLIST_FILE = ToDoListAppUITests/Info.plist;
				LD_RUNPATH_SEARCH_PATHS = (
					"$(inherited)",
					"@executable_path/Frameworks",
					"@loader_path/Frameworks",
				);
				PRODUCT_BUNDLE_IDENTIFIER = "kwk-2021.ToDoListAppUITests";
				PRODUCT_NAME = "$(TARGET_NAME)";
				SWIFT_VERSION = 5.0;
				TARGETED_DEVICE_FAMILY = "1,2";
				TEST_TARGET_NAME = ToDoListApp;
			};
			name = Release;
		};
/* End XCBuildConfiguration section */

/* Begin XCConfigurationList section */
		4BA51A2F26A6030F00E5E580 /* Build configuration list for PBXProject "ToDoListApp" */ = {
			isa = XCConfigurationList;
			buildConfigurations = (
				4BA51A5F26A6031100E5E580 /* Debug */,
				4BA51A6026A6031100E5E580 /* Release */,
			);
			defaultConfigurationIsVisible = 0;
			defaultConfigurationName = Release;
		};
		4BA51A6126A6031100E5E580 /* Build configuration list for PBXNativeTarget "ToDoListApp" */ = {
			isa = XCConfigurationList;
			buildConfigurations = (
				4BA51A6226A6031100E5E580 /* Debug */,
				4BA51A6326A6031100E5E580 /* Release */,
			);
			defaultConfigurationIsVisible = 0;
			defaultConfigurationName = Release;
		};
		4BA51A6426A6031100E5E580 /* Build configuration list for PBXNativeTarget "ToDoListAppTests" */ = {
			isa = XCConfigurationList;
			buildConfigurations = (
				4BA51A6526A6031100E5E580 /* Debug */,
				4BA51A6626A6031100E5E580 /* Release */,
			);
			defaultConfigurationIsVisible = 0;
			defaultConfigurationName = Release;
		};
		4BA51A6726A6031100E5E580 /* Build configuration list for PBXNativeTarget "ToDoListAppUITests" */ = {
			isa = XCConfigurationList;
			buildConfigurations = (
				4BA51A6826A6031100E5E580 /* Debug */,
				4BA51A6926A6031100E5E580 /* Release */,
			);
			defaultConfigurationIsVisible = 0;
			defaultConfigurationName = Release;
		};
/* End XCConfigurationList section */

/* Begin XCVersionGroup section */
		4BA51A4026A6030F00E5E580 /* ToDoListApp.xcdatamodeld */ = {
			isa = XCVersionGroup;
			children = (
				4BA51A4126A6030F00E5E580 /* ToDoListApp.xcdatamodel */,
			);
			currentVersion = 4BA51A4126A6030F00E5E580 /* ToDoListApp.xcdatamodel */;
			path = ToDoListApp.xcdatamodeld;
			sourceTree = "<group>";
			versionGroupType = wrapper.xcdatamodel;
		};
/* End XCVersionGroup section */
	};
	rootObject = 4BA51A2C26A6030F00E5E580 /* Project object */;
}
